Microsoft Visual Studio Solution File, Format Version 12.00
# Visual Studio Version 17
VisualStudioVersion = 17.5.2.0
MinimumVisualStudioVersion = 10.0.40219.1
Project("{FAE04EC0-301F-11D3-BF4B-00C04F79EFBC}") = "skyblock-bot", "skyblock-bot.csproj", "{9287C8D7-EA9D-114B-5097-B19273597817}"
EndProject
Global
	GlobalSection(SolutionConfigurationPlatforms) = preSolution
		Debug|Any CPU = Debug|Any CPU
		Release|Any CPU = Release|Any CPU
	EndGlobalSection
	GlobalSection(ProjectConfigurationPlatforms) = postSolution
		{9287C8D7-EA9D-114B-5097-B19273597817}.Debug|Any CPU.ActiveCfg = Debug|Any CPU
		{9287C8D7-EA9D-114B-5097-B19273597817}.Debug|Any CPU.Build.0 = Debug|Any CPU
		{9287C8D7-EA9D-114B-5097-B19273597817}.Release|Any CPU.ActiveCfg = Release|Any CPU
		{9287C8D7-EA9D-114B-5097-B19273597817}.Release|Any CPU.Build.0 = Release|Any CPU
	EndGlobalSection
	GlobalSection(SolutionProperties) = preSolution
		HideSolutionNode = FALSE
	EndGlobalSection
	GlobalSection(ExtensibilityGlobals) = postSolution
		SolutionGuid = {70FDF600-AD77-44C7-B52E-AFCF0146670E}
	EndGlobalSection
EndGlobal
